{
    "name": "bazel-code",
    "version": "0.2.0",
    "lockfileVersion": 3,
    "requires": true,
    "packages": {
        "": {
            "name": "bazel-code",
            "version": "0.2.0",
            "license": "SEE LICENSE IN LICENSE",
            "engines": {
                "vscode": "^1.75.0"
            }
        }
    }
}
